
Microsoft Visual Studio Solution File, Format Version 12.00
# Visual Studio 14
VisualStudioVersion = 14.0.25420.1
MinimumVisualStudioVersion = 10.0.40219.1
Project("{FAE04EC0-301F-11D3-BF4B-00C04F79EFBC}") = "Sds.Imaging.WebApi", "SDS.Imaging.WebApi\Sds.Imaging.WebApi.csproj", "{A20D7A02-77E1-408E-8FB8-F5BADF488AE2}"
EndProject
Project("{2150E333-8FDC-42A3-9474-1A3956D46DE8}") = "Docs", "Docs", "{1B2AB6D0-3E88-4F56-A2A1-6B65A71CA473}"
	ProjectSection(SolutionItems) = preProject
		readme.md = readme.md
	EndProjectSection
EndProject
Project("{FAE04EC0-301F-11D3-BF4B-00C04F79EFBC}") = "Sds.Imaging.Domain", "Sds.Imaging.Domain\Sds.Imaging.Domain.csproj", "{9CB780DF-E7E6-40E9-8AA5-A0A134B38583}"
EndProject
Global
	GlobalSection(SolutionConfigurationPlatforms) = preSolution
		Debug|Any CPU = Debug|Any CPU
		Release|Any CPU = Release|Any CPU
	EndGlobalSection
	GlobalSection(ProjectConfigurationPlatforms) = postSolution
		{A20D7A02-77E1-408E-8FB8-F5BADF488AE2}.Debug|Any CPU.ActiveCfg = Debug|Any CPU
		{A20D7A02-77E1-408E-8FB8-F5BADF488AE2}.Debug|Any CPU.Build.0 = Debug|Any CPU
		{A20D7A02-77E1-408E-8FB8-F5BADF488AE2}.Release|Any CPU.ActiveCfg = Release|Any CPU
		{A20D7A02-77E1-408E-8FB8-F5BADF488AE2}.Release|Any CPU.Build.0 = Release|Any CPU
		{9CB780DF-E7E6-40E9-8AA5-A0A134B38583}.Debug|Any CPU.ActiveCfg = Debug|Any CPU
		{9CB780DF-E7E6-40E9-8AA5-A0A134B38583}.Debug|Any CPU.Build.0 = Debug|Any CPU
		{9CB780DF-E7E6-40E9-8AA5-A0A134B38583}.Release|Any CPU.ActiveCfg = Release|Any CPU
		{9CB780DF-E7E6-40E9-8AA5-A0A134B38583}.Release|Any CPU.Build.0 = Release|Any CPU
	EndGlobalSection
	GlobalSection(SolutionProperties) = preSolution
		HideSolutionNode = FALSE
	EndGlobalSection
EndGlobal
