
Microsoft Visual Studio Solution File, Format Version 12.00
# Visual Studio 14
VisualStudioVersion = 14.0.25420.1
MinimumVisualStudioVersion = 10.0.40219.1
Project("{FAE04EC0-301F-11D3-BF4B-00C04F79EFBC}") = "Sds.Storage.KeyValue.Core", "Sds.Storage.KeyValue.Core\Sds.Storage.KeyValue.Core.csproj", "{05102E1F-61FA-4520-BEB3-76CA839C67AC}"
EndProject
Project("{FAE04EC0-301F-11D3-BF4B-00C04F79EFBC}") = "Sds.Storage.KeyValue.Redis", "Sds.Storage.KeyValue.Redis\Sds.Storage.KeyValue.Redis.csproj", "{E116AB02-7926-4E3D-92D4-E8784953279D}"
EndProject
Project("{FAE04EC0-301F-11D3-BF4B-00C04F79EFBC}") = "Sds.Storage.NuGetPublish", "Sds.Storage.NuGetPublish\Sds.Storage.NuGetPublish.csproj", "{A886DF94-ADDA-43F4-A81A-3CE4A5EDCAC6}"
EndProject
Global
	GlobalSection(SolutionConfigurationPlatforms) = preSolution
		Debug|Any CPU = Debug|Any CPU
		Release|Any CPU = Release|Any CPU
	EndGlobalSection
	GlobalSection(ProjectConfigurationPlatforms) = postSolution
		{05102E1F-61FA-4520-BEB3-76CA839C67AC}.Debug|Any CPU.ActiveCfg = Debug|Any CPU
		{05102E1F-61FA-4520-BEB3-76CA839C67AC}.Debug|Any CPU.Build.0 = Debug|Any CPU
		{05102E1F-61FA-4520-BEB3-76CA839C67AC}.Release|Any CPU.ActiveCfg = Release|Any CPU
		{05102E1F-61FA-4520-BEB3-76CA839C67AC}.Release|Any CPU.Build.0 = Release|Any CPU
		{E116AB02-7926-4E3D-92D4-E8784953279D}.Debug|Any CPU.ActiveCfg = Debug|Any CPU
		{E116AB02-7926-4E3D-92D4-E8784953279D}.Debug|Any CPU.Build.0 = Debug|Any CPU
		{E116AB02-7926-4E3D-92D4-E8784953279D}.Release|Any CPU.ActiveCfg = Release|Any CPU
		{E116AB02-7926-4E3D-92D4-E8784953279D}.Release|Any CPU.Build.0 = Release|Any CPU
		{A886DF94-ADDA-43F4-A81A-3CE4A5EDCAC6}.Debug|Any CPU.ActiveCfg = Debug|Any CPU
		{A886DF94-ADDA-43F4-A81A-3CE4A5EDCAC6}.Release|Any CPU.ActiveCfg = Release|Any CPU
		{A886DF94-ADDA-43F4-A81A-3CE4A5EDCAC6}.Release|Any CPU.Build.0 = Release|Any CPU
	EndGlobalSection
	GlobalSection(SolutionProperties) = preSolution
		HideSolutionNode = FALSE
	EndGlobalSection
EndGlobal
